{
  "name": "gradecalculator",
  "version": "1.0.0",
  "lockfileVersion": 1,
  "requires": true,
  "dependencies": {
    "node": {
      "version": "13.12.0",
      "resolved": "https://registry.npmjs.org/node/-/node-13.12.0.tgz",
      "integrity": "sha512-y59XTAeL1CYS645Bm6HFgNpp1NwFd/jTKP0q7j7z0EA0bDwieRNRNKdccvuHLDCMpxXti+r7Yu7Lxn2e/mUaIw==",
      "requires": {
        "node-bin-setup": "^1.0.0"
      }
    },
    "node-bin-setup": {
      "version": "1.0.6",
      "resolved": "https://registry.npmjs.org/node-bin-setup/-/node-bin-setup-1.0.6.tgz",
      "integrity": "sha512-uPIxXNis1CRbv1DwqAxkgBk5NFV3s7cMN/Gf556jSw6jBvV7ca4F9lRL/8cALcZecRibeqU+5dFYqFFmzv5a0Q=="
    }
  }
}
